
Microsoft Visual Studio Solution File, Format Version 12.00
# Visual Studio Version 16
VisualStudioVersion = 16.0.31702.278
MinimumVisualStudioVersion = 10.0.40219.1
Project("{9A19103F-16F7-4668-BE54-9A1E7A4F7556}") = "Jsonata.Net.Js", "Jsonata.Net.Js\Jsonata.Net.Js.csproj", "{A0E16C91-BE2D-4598-9ACC-8142BA4D3E81}"
EndProject
Project("{FAE04EC0-301F-11D3-BF4B-00C04F79EFBC}") = "Jsonata.Net.TestApp", "Jsonata.Net.TestApp\Jsonata.Net.TestApp.csproj", "{0BDB9F4B-A28D-4123-B661-0810060E2E34}"
EndProject
Global
	GlobalSection(SolutionConfigurationPlatforms) = preSolution
		Debug|Any CPU = Debug|Any CPU
		Release|Any CPU = Release|Any CPU
	EndGlobalSection
	GlobalSection(ProjectConfigurationPlatforms) = postSolution
		{A0E16C91-BE2D-4598-9ACC-8142BA4D3E81}.Debug|Any CPU.ActiveCfg = Debug|Any CPU
		{A0E16C91-BE2D-4598-9ACC-8142BA4D3E81}.Debug|Any CPU.Build.0 = Debug|Any CPU
		{A0E16C91-BE2D-4598-9ACC-8142BA4D3E81}.Release|Any CPU.ActiveCfg = Release|Any CPU
		{A0E16C91-BE2D-4598-9ACC-8142BA4D3E81}.Release|Any CPU.Build.0 = Release|Any CPU
		{0BDB9F4B-A28D-4123-B661-0810060E2E34}.Debug|Any CPU.ActiveCfg = Debug|Any CPU
		{0BDB9F4B-A28D-4123-B661-0810060E2E34}.Debug|Any CPU.Build.0 = Debug|Any CPU
		{0BDB9F4B-A28D-4123-B661-0810060E2E34}.Release|Any CPU.ActiveCfg = Release|Any CPU
		{0BDB9F4B-A28D-4123-B661-0810060E2E34}.Release|Any CPU.Build.0 = Release|Any CPU
	EndGlobalSection
	GlobalSection(SolutionProperties) = preSolution
		HideSolutionNode = FALSE
	EndGlobalSection
	GlobalSection(ExtensibilityGlobals) = postSolution
		SolutionGuid = {35CD951D-BDAE-4A8E-BB4C-8F6D2922B20B}
	EndGlobalSection
EndGlobal
